
Microsoft Visual Studio Solution File, Format Version 12.00
# Visual Studio Version 17
VisualStudioVersion = 17.0.32112.339
MinimumVisualStudioVersion = 10.0.40219.1
Project("{2150E333-8FDC-42A3-9474-1A3956D46DE8}") = "BugTracker.Domain", "BugTracker.Domain", "{9E46CEC6-BE4A-46D9-B9D2-9B805D9CB992}"
EndProject
Project("{FAE04EC0-301F-11D3-BF4B-00C04F79EFBC}") = "BugTracker.Domain", "BugTracker.Domain\BugTracker.Domain.csproj", "{D2BBD603-FF16-4C9A-8CA4-F35DC0275E8A}"
EndProject
Project("{2150E333-8FDC-42A3-9474-1A3956D46DE8}") = "BugTracker.Application", "BugTracker.Application", "{128F6190-EF30-416C-805E-FABB802C770A}"
EndProject
Project("{2150E333-8FDC-42A3-9474-1A3956D46DE8}") = "BugTracker.Persistence", "BugTracker.Persistence", "{C806FC38-57BD-4473-AE8F-00616E01A18A}"
EndProject
Project("{2150E333-8FDC-42A3-9474-1A3956D46DE8}") = "BugTracker.Tests", "BugTracker.Tests", "{B49DCD0E-39A5-40EA-BAD4-AEED98260EF4}"
EndProject
Project("{2150E333-8FDC-42A3-9474-1A3956D46DE8}") = "BugTracker.WebApi", "BugTracker.WebApi", "{4A7DAD67-E9FE-48FC-A61D-48CE9A1675E1}"
EndProject
Project("{FAE04EC0-301F-11D3-BF4B-00C04F79EFBC}") = "BugTracker.Application", "BugTracker.Application\BugTracker.Application.csproj", "{2F0BD578-B426-4673-8C95-1DEF6B6EB73E}"
EndProject
Project("{FAE04EC0-301F-11D3-BF4B-00C04F79EFBC}") = "BugTracker.Persistence", "BugTracker.Persistence\BugTracker.Persistence.csproj", "{2DF3DA6A-8E51-4713-AE96-7F188DF6AD94}"
EndProject
Global
	GlobalSection(SolutionConfigurationPlatforms) = preSolution
		Debug|Any CPU = Debug|Any CPU
		Release|Any CPU = Release|Any CPU
	EndGlobalSection
	GlobalSection(ProjectConfigurationPlatforms) = postSolution
		{D2BBD603-FF16-4C9A-8CA4-F35DC0275E8A}.Debug|Any CPU.ActiveCfg = Debug|Any CPU
		{D2BBD603-FF16-4C9A-8CA4-F35DC0275E8A}.Debug|Any CPU.Build.0 = Debug|Any CPU
		{D2BBD603-FF16-4C9A-8CA4-F35DC0275E8A}.Release|Any CPU.ActiveCfg = Release|Any CPU
		{D2BBD603-FF16-4C9A-8CA4-F35DC0275E8A}.Release|Any CPU.Build.0 = Release|Any CPU
		{2F0BD578-B426-4673-8C95-1DEF6B6EB73E}.Debug|Any CPU.ActiveCfg = Debug|Any CPU
		{2F0BD578-B426-4673-8C95-1DEF6B6EB73E}.Debug|Any CPU.Build.0 = Debug|Any CPU
		{2F0BD578-B426-4673-8C95-1DEF6B6EB73E}.Release|Any CPU.ActiveCfg = Release|Any CPU
		{2F0BD578-B426-4673-8C95-1DEF6B6EB73E}.Release|Any CPU.Build.0 = Release|Any CPU
		{2DF3DA6A-8E51-4713-AE96-7F188DF6AD94}.Debug|Any CPU.ActiveCfg = Debug|Any CPU
		{2DF3DA6A-8E51-4713-AE96-7F188DF6AD94}.Debug|Any CPU.Build.0 = Debug|Any CPU
		{2DF3DA6A-8E51-4713-AE96-7F188DF6AD94}.Release|Any CPU.ActiveCfg = Release|Any CPU
		{2DF3DA6A-8E51-4713-AE96-7F188DF6AD94}.Release|Any CPU.Build.0 = Release|Any CPU
	EndGlobalSection
	GlobalSection(SolutionProperties) = preSolution
		HideSolutionNode = FALSE
	EndGlobalSection
	GlobalSection(NestedProjects) = preSolution
		{D2BBD603-FF16-4C9A-8CA4-F35DC0275E8A} = {9E46CEC6-BE4A-46D9-B9D2-9B805D9CB992}
		{2F0BD578-B426-4673-8C95-1DEF6B6EB73E} = {128F6190-EF30-416C-805E-FABB802C770A}
		{2DF3DA6A-8E51-4713-AE96-7F188DF6AD94} = {C806FC38-57BD-4473-AE8F-00616E01A18A}
	EndGlobalSection
	GlobalSection(ExtensibilityGlobals) = postSolution
		SolutionGuid = {26CEB715-6EA9-4A17-BB99-3E79937A2FF9}
	EndGlobalSection
EndGlobal
